
Microsoft Visual Studio Solution File, Format Version 12.00
# Visual Studio Version 17
VisualStudioVersion = 17.13.35818.85 d17.13
MinimumVisualStudioVersion = 10.0.40219.1
Project("{FAE04EC0-301F-11D3-BF4B-00C04F79EFBC}") = "COM_chonsen1", "COM_chonsen1\COM_chonsen1.csproj", "{FA0B2542-50BB-42D2-91DF-BC0DE57BBD68}"
EndProject
Global
	GlobalSection(SolutionConfigurationPlatforms) = preSolution
		Debug|Any CPU = Debug|Any CPU
		Release|Any CPU = Release|Any CPU
	EndGlobalSection
	GlobalSection(ProjectConfigurationPlatforms) = postSolution
		{FA0B2542-50BB-42D2-91DF-BC0DE57BBD68}.Debug|Any CPU.ActiveCfg = Debug|Any CPU
		{FA0B2542-50BB-42D2-91DF-BC0DE57BBD68}.Debug|Any CPU.Build.0 = Debug|Any CPU
		{FA0B2542-50BB-42D2-91DF-BC0DE57BBD68}.Release|Any CPU.ActiveCfg = Release|Any CPU
		{FA0B2542-50BB-42D2-91DF-BC0DE57BBD68}.Release|Any CPU.Build.0 = Release|Any CPU
	EndGlobalSection
	GlobalSection(SolutionProperties) = preSolution
		HideSolutionNode = FALSE
	EndGlobalSection
	GlobalSection(ExtensibilityGlobals) = postSolution
		SolutionGuid = {7D121EE2-B013-40E2-8788-6D82644A2C65}
	EndGlobalSection
EndGlobal
